
Microsoft Visual Studio Solution File, Format Version 12.00
# Visual Studio Version 16
VisualStudioVersion = 16.0.29709.97
MinimumVisualStudioVersion = 10.0.40219.1
Project("{8BC9CEB8-8B4A-11D0-8D11-00A0C91BC942}") = "GameOfLifeCompartida", "GameOfLifeCompartida.vcxproj", "{2F35197D-BBB7-4F8B-A7BF-CFC53B328DE4}"
EndProject
Global
	GlobalSection(SolutionConfigurationPlatforms) = preSolution
		Debug|x64 = Debug|x64
		Release|x64 = Release|x64
	EndGlobalSection
	GlobalSection(ProjectConfigurationPlatforms) = postSolution
		{2F35197D-BBB7-4F8B-A7BF-CFC53B328DE4}.Debug|x64.ActiveCfg = Debug|x64
		{2F35197D-BBB7-4F8B-A7BF-CFC53B328DE4}.Debug|x64.Build.0 = Debug|x64
		{2F35197D-BBB7-4F8B-A7BF-CFC53B328DE4}.Release|x64.ActiveCfg = Release|x64
		{2F35197D-BBB7-4F8B-A7BF-CFC53B328DE4}.Release|x64.Build.0 = Release|x64
	EndGlobalSection
	GlobalSection(SolutionProperties) = preSolution
		HideSolutionNode = FALSE
	EndGlobalSection
	GlobalSection(ExtensibilityGlobals) = postSolution
		SolutionGuid = {067121EF-BADE-4A68-BCE2-2FB6B9BD190A}
	EndGlobalSection
EndGlobal
